
Microsoft Visual Studio Solution File, Format Version 11.00
# Visual C# Express 2010
Project("{FAE04EC0-301F-11D3-BF4B-00C04F79EFBC}") = "JenkinsTest", "JenkinsTest\JenkinsTest.csproj", "{D803AFB5-16B1-41CB-8F5A-8612A031693E}"
EndProject
Global
	GlobalSection(SolutionConfigurationPlatforms) = preSolution
		Debug|x86 = Debug|x86
		Release|x86 = Release|x86
	EndGlobalSection
	GlobalSection(ProjectConfigurationPlatforms) = postSolution
		{D803AFB5-16B1-41CB-8F5A-8612A031693E}.Debug|x86.ActiveCfg = Debug|x86
		{D803AFB5-16B1-41CB-8F5A-8612A031693E}.Debug|x86.Build.0 = Debug|x86
		{D803AFB5-16B1-41CB-8F5A-8612A031693E}.Release|x86.ActiveCfg = Release|x86
		{D803AFB5-16B1-41CB-8F5A-8612A031693E}.Release|x86.Build.0 = Release|x86
	EndGlobalSection
	GlobalSection(SolutionProperties) = preSolution
		HideSolutionNode = FALSE
	EndGlobalSection
EndGlobal
